
Microsoft Visual Studio Solution File, Format Version 12.00
# Visual Studio Version 17
VisualStudioVersion = 17.3.32825.248
MinimumVisualStudioVersion = 10.0.40219.1
Project("{FAE04EC0-301F-11D3-BF4B-00C04F79EFBC}") = "coreSchool", "coreSchool\coreSchool.csproj", "{B7B5ACF8-3A53-4EC9-913D-F8D297607BB1}"
EndProject
Global
	GlobalSection(SolutionConfigurationPlatforms) = preSolution
		Debug|Any CPU = Debug|Any CPU
		Release|Any CPU = Release|Any CPU
	EndGlobalSection
	GlobalSection(ProjectConfigurationPlatforms) = postSolution
		{B7B5ACF8-3A53-4EC9-913D-F8D297607BB1}.Debug|Any CPU.ActiveCfg = Debug|Any CPU
		{B7B5ACF8-3A53-4EC9-913D-F8D297607BB1}.Debug|Any CPU.Build.0 = Debug|Any CPU
		{B7B5ACF8-3A53-4EC9-913D-F8D297607BB1}.Release|Any CPU.ActiveCfg = Release|Any CPU
		{B7B5ACF8-3A53-4EC9-913D-F8D297607BB1}.Release|Any CPU.Build.0 = Release|Any CPU
	EndGlobalSection
	GlobalSection(SolutionProperties) = preSolution
		HideSolutionNode = FALSE
	EndGlobalSection
	GlobalSection(ExtensibilityGlobals) = postSolution
		SolutionGuid = {6D7700FE-639D-40F1-81D3-F951C1DB3401}
	EndGlobalSection
EndGlobal
